// !$*UTF8*$!
{
	archiveVersion = 1;
	classes = {
	};
	objectVersion = 50;
	objects = {

/* Begin PBXBuildFile section */
		873CB1CE23DDC3EE0092364B /* AppDelegate.swift in Sources */ = {isa = PBXBuildFile; fileRef = 873CB1CD23DDC3EE0092364B /* AppDelegate.swift */; };
		873CB1D023DDC3EE0092364B /* SceneDelegate.swift in Sources */ = {isa = PBXBuildFile; fileRef = 873CB1CF23DDC3EE0092364B /* SceneDelegate.swift */; };
		873CB1D223DDC3EE0092364B /* ViewController.swift in Sources */ = {isa = PBXBuildFile; fileRef = 873CB1D123DDC3EE0092364B /* ViewController.swift */; };
		873CB1D523DDC3EE0092364B /* Main.storyboard in Resources */ = {isa = PBXBuildFile; fileRef = 873CB1D323DDC3EE0092364B /* Main.storyboard */; };
		873CB1D723DDC3F10092364B /* Assets.xcassets in Resources */ = {isa = PBXBuildFile; fileRef = 873CB1D623DDC3F10092364B /* Assets.xcassets */; };
		873CB1DA23DDC3F10092364B /* LaunchScreen.storyboard in Resources */ = {isa = PBXBuildFile; fileRef = 873CB1D823DDC3F10092364B /* LaunchScreen.storyboard */; };
		873CB1E523DDC3F20092364B /* TimerAppTests.swift in Sources */ = {isa = PBXBuildFile; fileRef = 873CB1E423DDC3F20092364B /* TimerAppTests.swift */; };
		873CB1F023DDC3F20092364B /* TimerAppUITests.swift in Sources */ = {isa = PBXBuildFile; fileRef = 873CB1EF23DDC3F20092364B /* TimerAppUITests.swift */; };
/* End PBXBuildFile section */

/* Begin PBXContainerItemProxy section */
		873CB1E123DDC3F20092364B /* PBXContainerItemProxy */ = {
			isa = PBXContainerItemProxy;
			containerPortal = 873CB1C223DDC3EE0092364B /* Project object */;
			proxyType = 1;
			remoteGlobalIDString = 873CB1C923DDC3EE0092364B;
			remoteInfo = TimerApp;
		};
		873CB1EC23DDC3F20092364B /* PBXContainerItemProxy */ = {
			isa = PBXContainerItemProxy;
			containerPortal = 873CB1C223DDC3EE0092364B /* Project object */;
			proxyType = 1;
			remoteGlobalIDString = 873CB1C923DDC3EE0092364B;
			remoteInfo = TimerApp;
		};
/* End PBXContainerItemProxy section */

/* Begin PBXFileReference section */
		873CB1CA23DDC3EE0092364B /* TimerApp.app */ = {isa = PBXFileReference; explicitFileType = wrapper.application; includeInIndex = 0; path = TimerApp.app; sourceTree = BUILT_PRODUCTS_DIR; };
		873CB1CD23DDC3EE0092364B /* AppDelegate.swift */ = {isa = PBXFileReference; lastKnownFileType = sourcecode.swift; path = AppDelegate.swift; sourceTree = "<group>"; };
		873CB1CF23DDC3EE0092364B /* SceneDelegate.swift */ = {isa = PBXFileReference; lastKnownFileType = sourcecode.swift; path = SceneDelegate.swift; sourceTree = "<group>"; };
		873CB1D123DDC3EE0092364B /* ViewController.swift */ = {isa = PBXFileReference; lastKnownFileType = sourcecode.swift; path = ViewController.swift; sourceTree = "<group>"; };
		873CB1D423DDC3EE0092364B /* Base */ = {isa = PBXFileReference; lastKnownFileType = file.storyboard; name = Base; path = Base.lproj/Main.storyboard; sourceTree = "<group>"; };
		873CB1D623DDC3F10092364B /* Assets.xcassets */ = {isa = PBXFileReference; lastKnownFileType = folder.assetcatalog; path = Assets.xcassets; sourceTree = "<group>"; };
		873CB1D923DDC3F10092364B /* Base */ = {isa = PBXFileReference; lastKnownFileType = file.storyboard; name = Base; path = Base.lproj/LaunchScreen.storyboard; sourceTree = "<group>"; };
		873CB1DB23DDC3F10092364B /* Info.plist */ = {isa = PBXFileReference; lastKnownFileType = text.plist.xml; path = Info.plist; sourceTree = "<group>"; };
		873CB1E023DDC3F20092364B /* TimerAppTests.xctest */ = {isa = PBXFileReference; explicitFileType = wrapper.cfbundle; includeInIndex = 0; path = TimerAppTests.xctest; sourceTree = BUILT_PRODUCTS_DIR; };
		873CB1E423DDC3F20092364B /* TimerAppTests.swift */ = {isa = PBXFileReference; lastKnownFileType = sourcecode.swift; path = TimerAppTests.swift; sourceTree = "<group>"; };
		873CB1E623DDC3F20092364B /* Info.plist */ = {isa = PBXFileReference; lastKnownFileType = text.plist.xml; path = Info.plist; sourceTree = "<group>"; };
		873CB1EB23DDC3F20092364B /* TimerAppUITests.xctest */ = {isa = PBXFileReference; explicitFileType = wrapper.cfbundle; includeInIndex = 0; path = TimerAppUITests.xctest; sourceTree = BUILT_PRODUCTS_DIR; };
		873CB1EF23DDC3F20092364B /* TimerAppUITests.swift */ = {isa = PBXFileReference; lastKnownFileType = sourcecode.swift; path = TimerAppUITests.swift; sourceTree = "<group>"; };
		873CB1F123DDC3F20092364B /* Info.plist */ = {isa = PBXFileReference; lastKnownFileType = text.plist.xml; path = Info.plist; sourceTree = "<group>"; };
/* End PBXFileReference section */

/* Begin PBXFrameworksBuildPhase section */
		873CB1C723DDC3EE0092364B /* Frameworks */ = {
			isa = PBXFrameworksBuildPhase;
			buildActionMask = 2147483647;
			files = (
			);
			runOnlyForDeploymentPostprocessing = 0;
		};
		873CB1DD23DDC3F20092364B /* Frameworks */ = {
			isa = PBXFrameworksBuildPhase;
			buildActionMask = 2147483647;
			files = (
			);
			runOnlyForDeploymentPostprocessing = 0;
		};
		873CB1E823DDC3F20092364B /* Frameworks */ = {
			isa = PBXFrameworksBuildPhase;
			buildActionMask = 2147483647;
			files = (
			);
			runOnlyForDeploymentPostprocessing = 0;
		};
/* End PBXFrameworksBuildPhase section */

/* Begin PBXGroup section */
		873CB1C123DDC3EE0092364B = {
			isa = PBXGroup;
			children = (
				873CB1CC23DDC3EE0092364B /* TimerApp */,
				873CB1E323DDC3F20092364B /* TimerAppTests */,
				873CB1EE23DDC3F20092364B /* TimerAppUITests */,
				873CB1CB23DDC3EE0092364B /* Products */,
			);
			sourceTree = "<group>";
		};
		873CB1CB23DDC3EE0092364B /* Products */ = {
			isa = PBXGroup;
			children = (
				873CB1CA23DDC3EE0092364B /* TimerApp.app */,
				873CB1E023DDC3F20092364B /* TimerAppTests.xctest */,
				873CB1EB23DDC3F20092364B /* TimerAppUITests.xctest */,
			);
			name = Products;
			sourceTree = "<group>";
		};
		873CB1CC23DDC3EE0092364B /* TimerApp */ = {
			isa = PBXGroup;
			children = (
				873CB1CD23DDC3EE0092364B /* AppDelegate.swift */,
				873CB1CF23DDC3EE0092364B /* SceneDelegate.swift */,
				873CB1D123DDC3EE0092364B /* ViewController.swift */,
				873CB1D323DDC3EE0092364B /* Main.storyboard */,
				873CB1D623DDC3F10092364B /* Assets.xcassets */,
				873CB1D823DDC3F10092364B /* LaunchScreen.storyboard */,
				873CB1DB23DDC3F10092364B /* Info.plist */,
			);
			path = TimerApp;
			sourceTree = "<group>";
		};
		873CB1E323DDC3F20092364B /* TimerAppTests */ = {
			isa = PBXGroup;
			children = (
				873CB1E423DDC3F20092364B /* TimerAppTests.swift */,
				873CB1E623DDC3F20092364B /* Info.plist */,
			);
			path = TimerAppTests;
			sourceTree = "<group>";
		};
		873CB1EE23DDC3F20092364B /* TimerAppUITests */ = {
			isa = PBXGroup;
			children = (
				873CB1EF23DDC3F20092364B /* TimerAppUITests.swift */,
				873CB1F123DDC3F20092364B /* Info.plist */,
			);
			path = TimerAppUITests;
			sourceTree = "<group>";
		};
/* End PBXGroup section */

/* Begin PBXNativeTarget section */
		873CB1C923DDC3EE0092364B /* TimerApp */ = {
			isa = PBXNativeTarget;
			buildConfigurationList = 873CB1F423DDC3F20092364B /* Build configuration list for PBXNativeTarget "TimerApp" */;
			buildPhases = (
				873CB1C623DDC3EE0092364B /* Sources */,
				873CB1C723DDC3EE0092364B /* Frameworks */,
				873CB1C823DDC3EE0092364B /* Resources */,
			);
			buildRules = (
			);
			dependencies = (
			);
			name = TimerApp;
			productName = TimerApp;
			productReference = 873CB1CA23DDC3EE0092364B /* TimerApp.app */;
			productType = "com.apple.product-type.application";
		};
		873CB1DF23DDC3F20092364B /* TimerAppTests */ = {
			isa = PBXNativeTarget;
			buildConfigurationList = 873CB1F723DDC3F20092364B /* Build configuration list for PBXNativeTarget "TimerAppTests" */;
			buildPhases = (
				873CB1DC23DDC3F20092364B /* Sources */,
				873CB1DD23DDC3F20092364B /* Frameworks */,
				873CB1DE23DDC3F20092364B /* Resources */,
			);
			buildRules = (
			);
			dependencies = (
				873CB1E223DDC3F20092364B /* PBXTargetDependency */,
			);
			name = TimerAppTests;
			productName = TimerAppTests;
			productReference = 873CB1E023DDC3F20092364B /* TimerAppTests.xctest */;
			productType = "com.apple.product-type.bundle.unit-test";
		};
		873CB1EA23DDC3F20092364B /* TimerAppUITests */ = {
			isa = PBXNativeTarget;
			buildConfigurationList = 873CB1FA23DDC3F20092364B /* Build configuration list for PBXNativeTarget "TimerAppUITests" */;
			buildPhases = (
				873CB1E723DDC3F20092364B /* Sources */,
				873CB1E823DDC3F20092364B /* Frameworks */,
				873CB1E923DDC3F20092364B /* Resources */,
			);
			buildRules = (
			);
			dependencies = (
				873CB1ED23DDC3F20092364B /* PBXTargetDependency */,
			);
			name = TimerAppUITests;
			productName = TimerAppUITests;
			productReference = 873CB1EB23DDC3F20092364B /* TimerAppUITests.xctest */;
			productType = "com.apple.product-type.bundle.ui-testing";
		};
/* End PBXNativeTarget section */

/* Begin PBXProject section */
		873CB1C223DDC3EE0092364B /* Project object */ = {
			isa = PBXProject;
			attributes = {
				LastSwiftUpdateCheck = 1130;
				LastUpgradeCheck = 1130;
				ORGANIZATIONNAME = "Muhammad Shams";
				TargetAttributes = {
					873CB1C923DDC3EE0092364B = {
						CreatedOnToolsVersion = 11.3;
					};
					873CB1DF23DDC3F20092364B = {
						CreatedOnToolsVersion = 11.3;
						TestTargetID = 873CB1C923DDC3EE0092364B;
					};
					873CB1EA23DDC3F20092364B = {
						CreatedOnToolsVersion = 11.3;
						TestTargetID = 873CB1C923DDC3EE0092364B;
					};
				};
			};
			buildConfigurationList = 873CB1C523DDC3EE0092364B /* Build configuration list for PBXProject "TimerApp" */;
			compatibilityVersion = "Xcode 9.3";
			developmentRegion = en;
			hasScannedForEncodings = 0;
			knownRegions = (
				en,
				Base,
			);
			mainGroup = 873CB1C123DDC3EE0092364B;
			productRefGroup = 873CB1CB23DDC3EE0092364B /* Products */;
			projectDirPath = "";
			projectRoot = "";
			targets = (
				873CB1C923DDC3EE0092364B /* TimerApp */,
				873CB1DF23DDC3F20092364B /* TimerAppTests */,
				873CB1EA23DDC3F20092364B /* TimerAppUITests */,
			);
		};
/* End PBXProject section */

/* Begin PBXResourcesBuildPhase section */
		873CB1C823DDC3EE0092364B /* Resources */ = {
			isa = PBXResourcesBuildPhase;
			buildActionMask = 2147483647;
			files = (
				873CB1DA23DDC3F10092364B /* LaunchScreen.storyboard in Resources */,
				873CB1D723DDC3F10092364B /* Assets.xcassets in Resources */,
				873CB1D523DDC3EE0092364B /* Main.storyboard in Resources */,
			);
			runOnlyForDeploymentPostprocessing = 0;
		};
		873CB1DE23DDC3F20092364B /* Resources */ = {
			isa = PBXResourcesBuildPhase;
			buildActionMask = 2147483647;
			files = (
			);
			runOnlyForDeploymentPostprocessing = 0;
		};
		873CB1E923DDC3F20092364B /* Resources */ = {
			isa = PBXResourcesBuildPhase;
			buildActionMask = 2147483647;
			files = (
			);
			runOnlyForDeploymentPostprocessing = 0;
		};
/* End PBXResourcesBuildPhase section */

/* Begin PBXSourcesBuildPhase section */
		873CB1C623DDC3EE0092364B /* Sources */ = {
			isa = PBXSourcesBuildPhase;
			buildActionMask = 2147483647;
			files = (
				873CB1D223DDC3EE0092364B /* ViewController.swift in Sources */,
				873CB1CE23DDC3EE0092364B /* AppDelegate.swift in Sources */,
				873CB1D023DDC3EE0092364B /* SceneDelegate.swift in Sources */,
			);
			runOnlyForDeploymentPostprocessing = 0;
		};
		873CB1DC23DDC3F20092364B /* Sources */ = {
			isa = PBXSourcesBuildPhase;
			buildActionMask = 2147483647;
			files = (
				873CB1E523DDC3F20092364B /* TimerAppTests.swift in Sources */,
			);
			runOnlyForDeploymentPostprocessing = 0;
		};
		873CB1E723DDC3F20092364B /* Sources */ = {
			isa = PBXSourcesBuildPhase;
			buildActionMask = 2147483647;
			files = (
				873CB1F023DDC3F20092364B /* TimerAppUITests.swift in Sources */,
			);
			runOnlyForDeploymentPostprocessing = 0;
		};
/* End PBXSourcesBuildPhase section */

/* Begin PBXTargetDependency section */
		873CB1E223DDC3F20092364B /* PBXTargetDependency */ = {
			isa = PBXTargetDependency;
			target = 873CB1C923DDC3EE0092364B /* TimerApp */;
			targetProxy = 873CB1E123DDC3F20092364B /* PBXContainerItemProxy */;
		};
		873CB1ED23DDC3F20092364B /* PBXTargetDependency */ = {
			isa = PBXTargetDependency;
			target = 873CB1C923DDC3EE0092364B /* TimerApp */;
			targetProxy = 873CB1EC23DDC3F20092364B /* PBXContainerItemProxy */;
		};
/* End PBXTargetDependency section */

/* Begin PBXVariantGroup section */
		873CB1D323DDC3EE0092364B /* Main.storyboard */ = {
			isa = PBXVariantGroup;
			children = (
				873CB1D423DDC3EE0092364B /* Base */,
			);
			name = Main.storyboard;
			sourceTree = "<group>";
		};
		873CB1D823DDC3F10092364B /* LaunchScreen.storyboard */ = {
			isa = PBXVariantGroup;
			children = (
				873CB1D923DDC3F10092364B /* Base */,
			);
			name = LaunchScreen.storyboard;
			sourceTree = "<group>";
		};
/* End PBXVariantGroup section */

/* Begin XCBuildConfiguration section */
		873CB1F223DDC3F20092364B /* Debug */ = {
			isa = XCBuildConfiguration;
			buildSettings = {
				ALWAYS_SEARCH_USER_PATHS = NO;
				CLANG_ANALYZER_NONNULL = YES;
				CLANG_ANALYZER_NUMBER_OBJECT_CONVERSION = YES_AGGRESSIVE;
				CLANG_CXX_LANGUAGE_STANDARD = "gnu++14";
				CLANG_CXX_LIBRARY = "libc++";
				CLANG_ENABLE_MODULES = YES;
				CLANG_ENABLE_OBJC_ARC = YES;
				CLANG_ENABLE_OBJC_WEAK = YES;
				CLANG_WARN_BLOCK_CAPTURE_AUTORELEASING = YES;
				CLANG_WARN_BOOL_CONVERSION = YES;
				CLANG_WARN_COMMA = YES;
				CLANG_WARN_CONSTANT_CONVERSION = YES;
				CLANG_WARN_DEPRECATED_OBJC_IMPLEMENTATIONS = YES;
				CLANG_WARN_DIRECT_OBJC_ISA_USAGE = YES_ERROR;
				CLANG_WARN_DOCUMENTATION_COMMENTS = YES;
				CLANG_WARN_EMPTY_BODY = YES;
				CLANG_WARN_ENUM_CONVERSION = YES;
				CLANG_WARN_INFINITE_RECURSION = YES;
				CLANG_WARN_INT_CONVERSION = YES;
				CLANG_WARN_NON_LITERAL_NULL_CONVERSION = YES;
				CLANG_WARN_OBJC_IMPLICIT_RETAIN_SELF = YES;
				CLANG_WARN_OBJC_LITERAL_CONVERSION = YES;
				CLANG_WARN_OBJC_ROOT_CLASS = YES_ERROR;
				CLANG_WARN_RANGE_LOOP_ANALYSIS = YES;
				CLANG_WARN_STRICT_PROTOTYPES = YES;
				CLANG_WARN_SUSPICIOUS_MOVE = YES;
				CLANG_WARN_UNGUARDED_AVAILABILITY = YES_AGGRESSIVE;
				CLANG_WARN_UNREACHABLE_CODE = YES;
				CLANG_WARN__DUPLICATE_METHOD_MATCH = YES;
				COPY_PHASE_STRIP = NO;
				DEBUG_INFORMATION_FORMAT = dwarf;
				ENABLE_STRICT_OBJC_MSGSEND = YES;
				ENABLE_TESTABILITY = YES;
				GCC_C_LANGUAGE_STANDARD = gnu11;
				GCC_DYNAMIC_NO_PIC = NO;
				GCC_NO_COMMON_BLOCKS = YES;
				GCC_OPTIMIZATION_LEVEL = 0;
				GCC_PREPROCESSOR_DEFINITIONS = (
					"DEBUG=1",
					"$(inherited)",
				);
				GCC_WARN_64_TO_32_BIT_CONVERSION = YES;
				GCC_WARN_ABOUT_RETURN_TYPE = YES_ERROR;
				GCC_WARN_UNDECLARED_SELECTOR = YES;
				GCC_WARN_UNINITIALIZED_AUTOS = YES_AGGRESSIVE;
				GCC_WARN_UNUSED_FUNCTION = YES;
				GCC_WARN_UNUSED_VARIABLE = YES;
				IPHONEOS_DEPLOYMENT_TARGET = 13.2;
				MTL_ENABLE_DEBUG_INFO = INCLUDE_SOURCE;
				MTL_FAST_MATH = YES;
				ONLY_ACTIVE_ARCH = YES;
				SDKROOT = iphoneos;
				SWIFT_ACTIVE_COMPILATION_CONDITIONS = DEBUG;
				SWIFT_OPTIMIZATION_LEVEL = "-Onone";
			};
			name = Debug;
		};
		873CB1F323DDC3F20092364B /* Release */ = {
			isa = XCBuildConfiguration;
			buildSettings = {
				ALWAYS_SEARCH_USER_PATHS = NO;
				CLANG_ANALYZER_NONNULL = YES;
				CLANG_ANALYZER_NUMBER_OBJECT_CONVERSION = YES_AGGRESSIVE;
				CLANG_CXX_LANGUAGE_STANDARD = "gnu++14";
				CLANG_CXX_LIBRARY = "libc++";
				CLANG_ENABLE_MODULES = YES;
				CLANG_ENABLE_OBJC_ARC = YES;
				CLANG_ENABLE_OBJC_WEAK = YES;
				CLANG_WARN_BLOCK_CAPTURE_AUTORELEASING = YES;
				CLANG_WARN_BOOL_CONVERSION = YES;
				CLANG_WARN_COMMA = YES;
				CLANG_WARN_CONSTANT_CONVERSION = YES;
				CLANG_WARN_DEPRECATED_OBJC_IMPLEMENTATIONS = YES;
				CLANG_WARN_DIRECT_OBJC_ISA_USAGE = YES_ERROR;
				CLANG_WARN_DOCUMENTATION_COMMENTS = YES;
				CLANG_WARN_EMPTY_BODY = YES;
				CLANG_WARN_ENUM_CONVERSION = YES;
				CLANG_WARN_INFINITE_RECURSION = YES;
				CLANG_WARN_INT_CONVERSION = YES;
				CLANG_WARN_NON_LITERAL_NULL_CONVERSION = YES;
				CLANG_WARN_OBJC_IMPLICIT_RETAIN_SELF = YES;
				CLANG_WARN_OBJC_LITERAL_CONVERSION = YES;
				CLANG_WARN_OBJC_ROOT_CLASS = YES_ERROR;
				CLANG_WARN_RANGE_LOOP_ANALYSIS = YES;
				CLANG_WARN_STRICT_PROTOTYPES = YES;
				CLANG_WARN_SUSPICIOUS_MOVE = YES;
				CLANG_WARN_UNGUARDED_AVAILABILITY = YES_AGGRESSIVE;
				CLANG_WARN_UNREACHABLE_CODE = YES;
				CLANG_WARN__DUPLICATE_METHOD_MATCH = YES;
				COPY_PHASE_STRIP = NO;
				DEBUG_INFORMATION_FORMAT = "dwarf-with-dsym";
				ENABLE_NS_ASSERTIONS = NO;
				ENABLE_STRICT_OBJC_MSGSEND = YES;
				GCC_C_LANGUAGE_STANDARD = gnu11;
				GCC_NO_COMMON_BLOCKS = YES;
				GCC_WARN_64_TO_32_BIT_CONVERSION = YES;
				GCC_WARN_ABOUT_RETURN_TYPE = YES_ERROR;
				GCC_WARN_UNDECLARED_SELECTOR = YES;
				GCC_WARN_UNINITIALIZED_AUTOS = YES_AGGRESSIVE;
				GCC_WARN_UNUSED_FUNCTION = YES;
				GCC_WARN_UNUSED_VARIABLE = YES;
				IPHONEOS_DEPLOYMENT_TARGET = 13.2;
				MTL_ENABLE_DEBUG_INFO = NO;
				MTL_FAST_MATH = YES;
				SDKROOT = iphoneos;
				SWIFT_COMPILATION_MODE = wholemodule;
				SWIFT_OPTIMIZATION_LEVEL = "-O";
				VALIDATE_PRODUCT = YES;
			};
			name = Release;
		};
		873CB1F523DDC3F20092364B /* Debug */ = {
			isa = XCBuildConfiguration;
			buildSettings = {
				ASSETCATALOG_COMPILER_APPICON_NAME = AppIcon;
				CODE_SIGN_STYLE = Automatic;
				DEVELOPMENT_TEAM = V5BHKYQN28;
				INFOPLIST_FILE = TimerApp/Info.plist;
				LD_RUNPATH_SEARCH_PATHS = (
					"$(inherited)",
					"@executable_path/Frameworks",
				);
				PRODUCT_BUNDLE_IDENTIFIER = test.TimerApp;
				PRODUCT_NAME = "$(TARGET_NAME)";
				SWIFT_VERSION = 5.0;
				TARGETED_DEVICE_FAMILY = "1,2";
			};
			name = Debug;
		};
		873CB1F623DDC3F20092364B /* Release */ = {
			isa = XCBuildConfiguration;
			buildSettings = {
				ASSETCATALOG_COMPILER_APPICON_NAME = AppIcon;
				CODE_SIGN_STYLE = Automatic;
				DEVELOPMENT_TEAM = V5BHKYQN28;
				INFOPLIST_FILE = TimerApp/Info.plist;
				LD_RUNPATH_SEARCH_PATHS = (
					"$(inherited)",
					"@executable_path/Frameworks",
				);
				PRODUCT_BUNDLE_IDENTIFIER = test.TimerApp;
				PRODUCT_NAME = "$(TARGET_NAME)";
				SWIFT_VERSION = 5.0;
				TARGETED_DEVICE_FAMILY = "1,2";
			};
			name = Release;
		};
		873CB1F823DDC3F20092364B /* Debug */ = {
			isa = XCBuildConfiguration;
			buildSettings = {
				ALWAYS_EMBED_SWIFT_STANDARD_LIBRARIES = YES;
				BUNDLE_LOADER = "$(TEST_HOST)";
				CODE_SIGN_STYLE = Automatic;
				DEVELOPMENT_TEAM = V5BHKYQN28;
				INFOPLIST_FILE = TimerAppTests/Info.plist;
				IPHONEOS_DEPLOYMENT_TARGET = 13.2;
				LD_RUNPATH_SEARCH_PATHS = (
					"$(inherited)",
					"@executable_path/Frameworks",
					"@loader_path/Frameworks",
				);
				PRODUCT_BUNDLE_IDENTIFIER = test.TimerAppTests;
				PRODUCT_NAME = "$(TARGET_NAME)";
				SWIFT_VERSION = 5.0;
				TARGETED_DEVICE_FAMILY = "1,2";
				TEST_HOST = "$(BUILT_PRODUCTS_DIR)/TimerApp.app/TimerApp";
			};
			name = Debug;
		};
		873CB1F923DDC3F20092364B /* Release */ = {
			isa = XCBuildConfiguration;
			buildSettings = {
				ALWAYS_EMBED_SWIFT_STANDARD_LIBRARIES = YES;
				BUNDLE_LOADER = "$(TEST_HOST)";
				CODE_SIGN_STYLE = Automatic;
				DEVELOPMENT_TEAM = V5BHKYQN28;
				INFOPLIST_FILE = TimerAppTests/Info.plist;
				IPHONEOS_DEPLOYMENT_TARGET = 13.2;
				LD_RUNPATH_SEARCH_PATHS = (
					"$(inherited)",
					"@executable_path/Frameworks",
					"@loader_path/Frameworks",
				);
				PRODUCT_BUNDLE_IDENTIFIER = test.TimerAppTests;
				PRODUCT_NAME = "$(TARGET_NAME)";
				SWIFT_VERSION = 5.0;
				TARGETED_DEVICE_FAMILY = "1,2";
				TEST_HOST = "$(BUILT_PRODUCTS_DIR)/TimerApp.app/TimerApp";
			};
			name = Release;
		};
		873CB1FB23DDC3F20092364B /* Debug */ = {
			isa = XCBuildConfiguration;
			buildSettings = {
				ALWAYS_EMBED_SWIFT_STANDARD_LIBRARIES = YES;
				CODE_SIGN_STYLE = Automatic;
				DEVELOPMENT_TEAM = V5BHKYQN28;
				INFOPLIST_FILE = TimerAppUITests/Info.plist;
				LD_RUNPATH_SEARCH_PATHS = (
					"$(inherited)",
					"@executable_path/Frameworks",
					"@loader_path/Frameworks",
				);
				PRODUCT_BUNDLE_IDENTIFIER = test.TimerAppUITests;
				PRODUCT_NAME = "$(TARGET_NAME)";
				SWIFT_VERSION = 5.0;
				TARGETED_DEVICE_FAMILY = "1,2";
				TEST_TARGET_NAME = TimerApp;
			};
			name = Debug;
		};
		873CB1FC23DDC3F20092364B /* Release */ = {
			isa = XCBuildConfiguration;
			buildSettings = {
				ALWAYS_EMBED_SWIFT_STANDARD_LIBRARIES = YES;
				CODE_SIGN_STYLE = Automatic;
				DEVELOPMENT_TEAM = V5BHKYQN28;
				INFOPLIST_FILE = TimerAppUITests/Info.plist;
				LD_RUNPATH_SEARCH_PATHS = (
					"$(inherited)",
					"@executable_path/Frameworks",
					"@loader_path/Frameworks",
				);
				PRODUCT_BUNDLE_IDENTIFIER = test.TimerAppUITests;
				PRODUCT_NAME = "$(TARGET_NAME)";
				SWIFT_VERSION = 5.0;
				TARGETED_DEVICE_FAMILY = "1,2";
				TEST_TARGET_NAME = TimerApp;
			};
			name = Release;
		};
/* End XCBuildConfiguration section */

/* Begin XCConfigurationList section */
		873CB1C523DDC3EE0092364B /* Build configuration list for PBXProject "TimerApp" */ = {
			isa = XCConfigurationList;
			buildConfigurations = (
				873CB1F223DDC3F20092364B /* Debug */,
				873CB1F323DDC3F20092364B /* Release */,
			);
			defaultConfigurationIsVisible = 0;
			defaultConfigurationName = Release;
		};
		873CB1F423DDC3F20092364B /* Build configuration list for PBXNativeTarget "TimerApp" */ = {
			isa = XCConfigurationList;
			buildConfigurations = (
				873CB1F523DDC3F20092364B /* Debug */,
				873CB1F623DDC3F20092364B /* Release */,
			);
			defaultConfigurationIsVisible = 0;
			defaultConfigurationName = Release;
		};
		873CB1F723DDC3F20092364B /* Build configuration list for PBXNativeTarget "TimerAppTests" */ = {
			isa = XCConfigurationList;
			buildConfigurations = (
				873CB1F823DDC3F20092364B /* Debug */,
				873CB1F923DDC3F20092364B /* Release */,
			);
			defaultConfigurationIsVisible = 0;
			defaultConfigurationName = Release;
		};
		873CB1FA23DDC3F20092364B /* Build configuration list for PBXNativeTarget "TimerAppUITests" */ = {
			isa = XCConfigurationList;
			buildConfigurations = (
				873CB1FB23DDC3F20092364B /* Debug */,
				873CB1FC23DDC3F20092364B /* Release */,
			);
			defaultConfigurationIsVisible = 0;
			defaultConfigurationName = Release;
		};
/* End XCConfigurationList section */
	};
	rootObject = 873CB1C223DDC3EE0092364B /* Project object */;
}
